
Microsoft Visual Studio Solution File, Format Version 12.00
# Visual Studio Version 16
VisualStudioVersion = 16.0.30002.166
MinimumVisualStudioVersion = 10.0.40219.1
Project("{FAE04EC0-301F-11D3-BF4B-00C04F79EFBC}") = "Good_Car.Android", "Good Car.Android\Good_Car.Android.csproj", "{A93A6A06-803B-4CF5-9E30-2EEFE5041ED3}"
EndProject
Project("{FAE04EC0-301F-11D3-BF4B-00C04F79EFBC}") = "Good_Car.iOS", "Good Car.iOS\Good_Car.iOS.csproj", "{ABEA1112-A1FE-4D42-AF0C-602FDDA971E8}"
EndProject
Project("{9A19103F-16F7-4668-BE54-9A1E7A4F7556}") = "Good_Car", "Good Car\Good_Car.csproj", "{3D95D937-3140-426F-A566-564836FCB106}"
EndProject
Global
	GlobalSection(SolutionConfigurationPlatforms) = preSolution
		Debug|Any CPU = Debug|Any CPU
		Debug|iPhone = Debug|iPhone
		Debug|iPhoneSimulator = Debug|iPhoneSimulator
		Release|Any CPU = Release|Any CPU
		Release|iPhone = Release|iPhone
		Release|iPhoneSimulator = Release|iPhoneSimulator
	EndGlobalSection
	GlobalSection(ProjectConfigurationPlatforms) = postSolution
		{A93A6A06-803B-4CF5-9E30-2EEFE5041ED3}.Debug|Any CPU.ActiveCfg = Debug|Any CPU
		{A93A6A06-803B-4CF5-9E30-2EEFE5041ED3}.Debug|Any CPU.Build.0 = Debug|Any CPU
		{A93A6A06-803B-4CF5-9E30-2EEFE5041ED3}.Debug|Any CPU.Deploy.0 = Debug|Any CPU
		{A93A6A06-803B-4CF5-9E30-2EEFE5041ED3}.Debug|iPhone.ActiveCfg = Debug|Any CPU
		{A93A6A06-803B-4CF5-9E30-2EEFE5041ED3}.Debug|iPhone.Build.0 = Debug|Any CPU
		{A93A6A06-803B-4CF5-9E30-2EEFE5041ED3}.Debug|iPhone.Deploy.0 = Debug|Any CPU
		{A93A6A06-803B-4CF5-9E30-2EEFE5041ED3}.Debug|iPhoneSimulator.ActiveCfg = Debug|Any CPU
		{A93A6A06-803B-4CF5-9E30-2EEFE5041ED3}.Debug|iPhoneSimulator.Build.0 = Debug|Any CPU
		{A93A6A06-803B-4CF5-9E30-2EEFE5041ED3}.Debug|iPhoneSimulator.Deploy.0 = Debug|Any CPU
		{A93A6A06-803B-4CF5-9E30-2EEFE5041ED3}.Release|Any CPU.ActiveCfg = Release|Any CPU
		{A93A6A06-803B-4CF5-9E30-2EEFE5041ED3}.Release|Any CPU.Build.0 = Release|Any CPU
		{A93A6A06-803B-4CF5-9E30-2EEFE5041ED3}.Release|Any CPU.Deploy.0 = Release|Any CPU
		{A93A6A06-803B-4CF5-9E30-2EEFE5041ED3}.Release|iPhone.ActiveCfg = Release|Any CPU
		{A93A6A06-803B-4CF5-9E30-2EEFE5041ED3}.Release|iPhone.Build.0 = Release|Any CPU
		{A93A6A06-803B-4CF5-9E30-2EEFE5041ED3}.Release|iPhone.Deploy.0 = Release|Any CPU
		{A93A6A06-803B-4CF5-9E30-2EEFE5041ED3}.Release|iPhoneSimulator.ActiveCfg = Release|Any CPU
		{A93A6A06-803B-4CF5-9E30-2EEFE5041ED3}.Release|iPhoneSimulator.Build.0 = Release|Any CPU
		{A93A6A06-803B-4CF5-9E30-2EEFE5041ED3}.Release|iPhoneSimulator.Deploy.0 = Release|Any CPU
		{ABEA1112-A1FE-4D42-AF0C-602FDDA971E8}.Debug|Any CPU.ActiveCfg = Debug|iPhone
		{ABEA1112-A1FE-4D42-AF0C-602FDDA971E8}.Debug|Any CPU.Build.0 = Debug|iPhone
		{ABEA1112-A1FE-4D42-AF0C-602FDDA971E8}.Debug|Any CPU.Deploy.0 = Debug|iPhone
		{ABEA1112-A1FE-4D42-AF0C-602FDDA971E8}.Debug|iPhone.ActiveCfg = Debug|iPhone
		{ABEA1112-A1FE-4D42-AF0C-602FDDA971E8}.Debug|iPhone.Build.0 = Debug|iPhone
		{ABEA1112-A1FE-4D42-AF0C-602FDDA971E8}.Debug|iPhone.Deploy.0 = Debug|iPhone
		{ABEA1112-A1FE-4D42-AF0C-602FDDA971E8}.Debug|iPhoneSimulator.ActiveCfg = Debug|iPhoneSimulator
		{ABEA1112-A1FE-4D42-AF0C-602FDDA971E8}.Debug|iPhoneSimulator.Build.0 = Debug|iPhoneSimulator
		{ABEA1112-A1FE-4D42-AF0C-602FDDA971E8}.Debug|iPhoneSimulator.Deploy.0 = Debug|iPhoneSimulator
		{ABEA1112-A1FE-4D42-AF0C-602FDDA971E8}.Release|Any CPU.ActiveCfg = Release|iPhone
		{ABEA1112-A1FE-4D42-AF0C-602FDDA971E8}.Release|Any CPU.Build.0 = Release|iPhone
		{ABEA1112-A1FE-4D42-AF0C-602FDDA971E8}.Release|Any CPU.Deploy.0 = Release|iPhone
		{ABEA1112-A1FE-4D42-AF0C-602FDDA971E8}.Release|iPhone.ActiveCfg = Release|iPhone
		{ABEA1112-A1FE-4D42-AF0C-602FDDA971E8}.Release|iPhone.Build.0 = Release|iPhone
		{ABEA1112-A1FE-4D42-AF0C-602FDDA971E8}.Release|iPhone.Deploy.0 = Release|iPhone
		{ABEA1112-A1FE-4D42-AF0C-602FDDA971E8}.Release|iPhoneSimulator.ActiveCfg = Release|iPhoneSimulator
		{ABEA1112-A1FE-4D42-AF0C-602FDDA971E8}.Release|iPhoneSimulator.Build.0 = Release|iPhoneSimulator
		{ABEA1112-A1FE-4D42-AF0C-602FDDA971E8}.Release|iPhoneSimulator.Deploy.0 = Release|iPhoneSimulator
		{3D95D937-3140-426F-A566-564836FCB106}.Debug|Any CPU.ActiveCfg = Debug|Any CPU
		{3D95D937-3140-426F-A566-564836FCB106}.Debug|Any CPU.Build.0 = Debug|Any CPU
		{3D95D937-3140-426F-A566-564836FCB106}.Debug|Any CPU.Deploy.0 = Debug|Any CPU
		{3D95D937-3140-426F-A566-564836FCB106}.Debug|iPhone.ActiveCfg = Debug|Any CPU
		{3D95D937-3140-426F-A566-564836FCB106}.Debug|iPhone.Build.0 = Debug|Any CPU
		{3D95D937-3140-426F-A566-564836FCB106}.Debug|iPhone.Deploy.0 = Debug|Any CPU
		{3D95D937-3140-426F-A566-564836FCB106}.Debug|iPhoneSimulator.ActiveCfg = Debug|Any CPU
		{3D95D937-3140-426F-A566-564836FCB106}.Debug|iPhoneSimulator.Build.0 = Debug|Any CPU
		{3D95D937-3140-426F-A566-564836FCB106}.Debug|iPhoneSimulator.Deploy.0 = Debug|Any CPU
		{3D95D937-3140-426F-A566-564836FCB106}.Release|Any CPU.ActiveCfg = Release|Any CPU
		{3D95D937-3140-426F-A566-564836FCB106}.Release|Any CPU.Build.0 = Release|Any CPU
		{3D95D937-3140-426F-A566-564836FCB106}.Release|Any CPU.Deploy.0 = Release|Any CPU
		{3D95D937-3140-426F-A566-564836FCB106}.Release|iPhone.ActiveCfg = Release|Any CPU
		{3D95D937-3140-426F-A566-564836FCB106}.Release|iPhone.Build.0 = Release|Any CPU
		{3D95D937-3140-426F-A566-564836FCB106}.Release|iPhone.Deploy.0 = Release|Any CPU
		{3D95D937-3140-426F-A566-564836FCB106}.Release|iPhoneSimulator.ActiveCfg = Release|Any CPU
		{3D95D937-3140-426F-A566-564836FCB106}.Release|iPhoneSimulator.Build.0 = Release|Any CPU
		{3D95D937-3140-426F-A566-564836FCB106}.Release|iPhoneSimulator.Deploy.0 = Release|Any CPU
	EndGlobalSection
	GlobalSection(SolutionProperties) = preSolution
		HideSolutionNode = FALSE
	EndGlobalSection
	GlobalSection(ExtensibilityGlobals) = postSolution
		SolutionGuid = {425252CA-B069-4BCD-AEA4-32B883103EC4}
	EndGlobalSection
EndGlobal
